
Microsoft Visual Studio Solution File, Format Version 12.00
# Visual Studio Version 17
VisualStudioVersion = 17.14.36705.20 d17.14
MinimumVisualStudioVersion = 10.0.40219.1
Project("{FAE04EC0-301F-11D3-BF4B-00C04F79EFBC}") = "Quickunlocker.Web", "Quickunlocker.Web.csproj", "{5877725F-84DB-4F51-ACBE-D69FC5167559}"
EndProject
Global
	GlobalSection(SolutionConfigurationPlatforms) = preSolution
		Debug|Any CPU = Debug|Any CPU
		Release|Any CPU = Release|Any CPU
	EndGlobalSection
	GlobalSection(ProjectConfigurationPlatforms) = postSolution
		{5877725F-84DB-4F51-ACBE-D69FC5167559}.Debug|Any CPU.ActiveCfg = Debug|Any CPU
		{5877725F-84DB-4F51-ACBE-D69FC5167559}.Debug|Any CPU.Build.0 = Debug|Any CPU
		{5877725F-84DB-4F51-ACBE-D69FC5167559}.Release|Any CPU.ActiveCfg = Release|Any CPU
		{5877725F-84DB-4F51-ACBE-D69FC5167559}.Release|Any CPU.Build.0 = Release|Any CPU
	EndGlobalSection
	GlobalSection(SolutionProperties) = preSolution
		HideSolutionNode = FALSE
	EndGlobalSection
	GlobalSection(ExtensibilityGlobals) = postSolution
		SolutionGuid = {E37EA4A5-66FF-4EF9-A6E9-978FEAE502B2}
	EndGlobalSection
EndGlobal
